
Microsoft Visual Studio Solution File, Format Version 12.00
# Visual Studio Version 17
VisualStudioVersion = 17.14.36414.22 d17.14
MinimumVisualStudioVersion = 10.0.40219.1
Project("{8BC9CEB8-8B4A-11D0-8D11-00A0C91BC942}") = "25L-0905_FinalProject_OOP", "25L-0905_FinalProject_OOP\25L-0905_FinalProject_OOP.vcxproj", "{20738CD4-0442-4AF1-B1C9-F05D8447EBBC}"
EndProject
Global
	GlobalSection(SolutionConfigurationPlatforms) = preSolution
		Debug|x64 = Debug|x64
		Debug|x86 = Debug|x86
		Release|x64 = Release|x64
		Release|x86 = Release|x86
	EndGlobalSection
	GlobalSection(ProjectConfigurationPlatforms) = postSolution
		{20738CD4-0442-4AF1-B1C9-F05D8447EBBC}.Debug|x64.ActiveCfg = Debug|x64
		{20738CD4-0442-4AF1-B1C9-F05D8447EBBC}.Debug|x64.Build.0 = Debug|x64
		{20738CD4-0442-4AF1-B1C9-F05D8447EBBC}.Debug|x86.ActiveCfg = Debug|Win32
		{20738CD4-0442-4AF1-B1C9-F05D8447EBBC}.Debug|x86.Build.0 = Debug|Win32
		{20738CD4-0442-4AF1-B1C9-F05D8447EBBC}.Release|x64.ActiveCfg = Release|x64
		{20738CD4-0442-4AF1-B1C9-F05D8447EBBC}.Release|x64.Build.0 = Release|x64
		{20738CD4-0442-4AF1-B1C9-F05D8447EBBC}.Release|x86.ActiveCfg = Release|Win32
		{20738CD4-0442-4AF1-B1C9-F05D8447EBBC}.Release|x86.Build.0 = Release|Win32
	EndGlobalSection
	GlobalSection(SolutionProperties) = preSolution
		HideSolutionNode = FALSE
	EndGlobalSection
	GlobalSection(ExtensibilityGlobals) = postSolution
		SolutionGuid = {ACBAB303-83EA-4670-991C-68CFFF08C29B}
	EndGlobalSection
EndGlobal
